
Microsoft Visual Studio Solution File, Format Version 12.00
# Visual Studio Version 17
VisualStudioVersion = 17.5.002.0
MinimumVisualStudioVersion = 10.0.40219.1
Project("{9A19103F-16F7-4668-BE54-9A1E7A4F7556}") = "April2021", "April2021\April2021.csproj", "{D2E2F594-5362-4B90-8760-2274C01AC613}"
EndProject
Global
	GlobalSection(SolutionConfigurationPlatforms) = preSolution
		Debug|Any CPU = Debug|Any CPU
		Release|Any CPU = Release|Any CPU
	EndGlobalSection
	GlobalSection(ProjectConfigurationPlatforms) = postSolution
		{D2E2F594-5362-4B90-8760-2274C01AC613}.Debug|Any CPU.ActiveCfg = Debug|Any CPU
		{D2E2F594-5362-4B90-8760-2274C01AC613}.Debug|Any CPU.Build.0 = Debug|Any CPU
		{D2E2F594-5362-4B90-8760-2274C01AC613}.Release|Any CPU.ActiveCfg = Release|Any CPU
		{D2E2F594-5362-4B90-8760-2274C01AC613}.Release|Any CPU.Build.0 = Release|Any CPU
	EndGlobalSection
	GlobalSection(SolutionProperties) = preSolution
		HideSolutionNode = FALSE
	EndGlobalSection
	GlobalSection(ExtensibilityGlobals) = postSolution
		SolutionGuid = {B94CF134-8B27-4E02-BE7A-94B8D72F4082}
	EndGlobalSection
EndGlobal
